<Solution>
  <Project Path="SummerNetClass.CreditCard/SummerNetClass.CreditCard.csproj" Id="317b703c-7a37-48b5-960b-d6cb1e5037c5" />
  <Project Path="SummerNetClass.HomeworkTwo/SummerNetClass.HomeworkTwo.csproj" Id="cdc10981-8786-4b64-a65f-f0025155a2eb" />
  <Project Path="SummerNetClass.LoanRepayment/SummerNetClass.LoanRepayment.csproj" Id="24863e75-e0d8-40f6-8dce-84f14d9fdbd0" />
  <Project Path="SummerNetClass.TrendSeasonal/SummerNetClass.TrendSeasonal.csproj" Id="31f17af7-8302-4b2c-840a-1e9bce60b100" />
  <Project Path="SummerNetClass.WeekOne/SummerNetClass.WeekOneA.csproj" />
  <Project Path="SummerNetClass.WeekOneB/SummerNetClass.WeekOneB.csproj" Id="89af0a16-4943-4b70-8016-cc2b62433f6f" />
</Solution>
